
Microsoft Visual Studio Solution File, Format Version 12.00
# Visual Studio Version 17
VisualStudioVersion = 17.5.002.0
MinimumVisualStudioVersion = 10.0.40219.1
Project("{9A19103F-16F7-4668-BE54-9A1E7A4F7556}") = "fizzbuzz", "fizzbuzz.csproj", "{9F56DD03-D9A3-43F8-9481-2AA83AF08D50}"
EndProject
Global
	GlobalSection(SolutionConfigurationPlatforms) = preSolution
		Debug|Any CPU = Debug|Any CPU
		Release|Any CPU = Release|Any CPU
	EndGlobalSection
	GlobalSection(ProjectConfigurationPlatforms) = postSolution
		{9F56DD03-D9A3-43F8-9481-2AA83AF08D50}.Debug|Any CPU.ActiveCfg = Debug|Any CPU
		{9F56DD03-D9A3-43F8-9481-2AA83AF08D50}.Debug|Any CPU.Build.0 = Debug|Any CPU
		{9F56DD03-D9A3-43F8-9481-2AA83AF08D50}.Release|Any CPU.ActiveCfg = Release|Any CPU
		{9F56DD03-D9A3-43F8-9481-2AA83AF08D50}.Release|Any CPU.Build.0 = Release|Any CPU
	EndGlobalSection
	GlobalSection(SolutionProperties) = preSolution
		HideSolutionNode = FALSE
	EndGlobalSection
	GlobalSection(ExtensibilityGlobals) = postSolution
		SolutionGuid = {89CD0A77-0382-4657-AB91-BEF231936378}
	EndGlobalSection
EndGlobal
